
Microsoft Visual Studio Solution File, Format Version 12.00
# Visual Studio Version 17
VisualStudioVersion = 17.9.34723.18
MinimumVisualStudioVersion = 10.0.40219.1
Project("{9A19103F-16F7-4668-BE54-9A1E7A4F7556}") = "Tyuiu.BarbashinAV.Sprint2.Task0.V16", "Tyuiu.BarbashinAV.Sprint2.Task0.V16\Tyuiu.BarbashinAV.Sprint2.Task0.V16.csproj", "{34B613E5-92C6-4C3A-941E-1B547CA1AC3F}"
EndProject
Project("{2150E333-8FDC-42A3-9474-1A3956D46DE8}") = "Task0", "Task0", "{AB9BC980-0AC6-4277-9181-EAFD66F10652}"
EndProject
Project("{9A19103F-16F7-4668-BE54-9A1E7A4F7556}") = "Tyuiu.BarbashinAV.Sprint2.Task0.V16.Lib", "Tyuiu.BarbashinAV.Sprint2.Task0.V16.Lib\Tyuiu.BarbashinAV.Sprint2.Task0.V16.Lib.csproj", "{0AC2226D-ADD3-4D09-A583-A9002F5A0D93}"
EndProject
Project("{9A19103F-16F7-4668-BE54-9A1E7A4F7556}") = "Tyuiu.BarbashinAV.Sprint2.Task0.V16.Test", "Tyuiu.BarbashinAV.Sprint2.Task0.V16.Test\Tyuiu.BarbashinAV.Sprint2.Task0.V16.Test.csproj", "{B7CF4DD0-3AE4-4AF2-8271-67E540C184FC}"
EndProject
Project("{2150E333-8FDC-42A3-9474-1A3956D46DE8}") = "Task1", "Task1", "{0E859351-F92B-411E-941D-4A868E2CA603}"
EndProject
Project("{9A19103F-16F7-4668-BE54-9A1E7A4F7556}") = "Tyuiu.BarbashinAV.Sprint2.Task1.V13", "Tyuiu.BarbashinAV.Sprint2.Task1.V13\Tyuiu.BarbashinAV.Sprint2.Task1.V13.csproj", "{C4E88B89-37B8-48C2-B500-5F89F83AC71E}"
EndProject
Project("{9A19103F-16F7-4668-BE54-9A1E7A4F7556}") = "Tyuiu.BarbashinAV.Sprint2.Task1.V13.Lib", "Tyuiu.BarbashinAV.Sprint2.Task1.V13.Lib\Tyuiu.BarbashinAV.Sprint2.Task1.V13.Lib.csproj", "{C00AAE50-0111-47CC-A52F-283130F62D07}"
EndProject
Project("{9A19103F-16F7-4668-BE54-9A1E7A4F7556}") = "Tyuiu.BarbashinAV.Sprint2.Task1.V13.Test", "Tyuiu.BarbashinAV.Sprint2.Task1.V13.Test\Tyuiu.BarbashinAV.Sprint2.Task1.V13.Test.csproj", "{C15670A5-BF85-447A-B7EF-624A0EF79CAF}"
EndProject
Project("{2150E333-8FDC-42A3-9474-1A3956D46DE8}") = "Task2", "Task2", "{462B73C5-4863-4AA9-A023-52E8F89A3DB3}"
EndProject
Project("{9A19103F-16F7-4668-BE54-9A1E7A4F7556}") = "Tyuiu.BarbashinAV.Sprint2.Task2.V10", "Tyuiu.BarbashinAV.Sprint2.Task2.V10\Tyuiu.BarbashinAV.Sprint2.Task2.V10.csproj", "{E99012CE-DE88-4B8B-8F2E-590A1F730CAD}"
EndProject
Project("{9A19103F-16F7-4668-BE54-9A1E7A4F7556}") = "Tyuiu.BarbashinAV.Sprint2.Task2.V10.Lib", "Tyuiu.BarbashinAV.Sprint2.Task2.V10.Lib\Tyuiu.BarbashinAV.Sprint2.Task2.V10.Lib.csproj", "{28991CDD-5C64-48AB-BD73-B3C2B834A398}"
EndProject
Project("{9A19103F-16F7-4668-BE54-9A1E7A4F7556}") = "Tyuiu.BarbashinAV.Sprint2.Task2.V10.Test", "Tyuiu.BarbashinAV.Sprint2.Task2.V10.Test\Tyuiu.BarbashinAV.Sprint2.Task2.V10.Test.csproj", "{BEB8810E-8B70-44CF-A478-CF9E8EBE8DA7}"
EndProject
Project("{2150E333-8FDC-42A3-9474-1A3956D46DE8}") = "Task3", "Task3", "{F2DA9E3F-C73A-465E-BF67-F0D7362EC370}"
EndProject
Project("{9A19103F-16F7-4668-BE54-9A1E7A4F7556}") = "Tyuiu.BarbashinAV.Sprint2.Task3.V7", "Tyuiu.BarbashinAV.Sprint2.Task3.V7\Tyuiu.BarbashinAV.Sprint2.Task3.V7.csproj", "{C20ACFDF-91B6-427E-8C60-E4D32B487551}"
EndProject
Project("{9A19103F-16F7-4668-BE54-9A1E7A4F7556}") = "Tyuiu.BarbashinAV.Sprint2.Task3.V7.Lib", "Tyuiu.BarbashinAV.Sprint2.Task3.V7.Lib\Tyuiu.BarbashinAV.Sprint2.Task3.V7.Lib.csproj", "{23E95204-AB13-4430-81A7-DF95765AFA70}"
EndProject
Project("{9A19103F-16F7-4668-BE54-9A1E7A4F7556}") = "Tyuiu.BarbashinAV.Sprint2.Task3.V7.Test", "Tyuiu.BarbashinAV.Sprint2.Task3.V7.Test\Tyuiu.BarbashinAV.Sprint2.Task3.V7.Test.csproj", "{6DC46102-533D-4CFF-858E-F6C3187D94EF}"
EndProject
Project("{2150E333-8FDC-42A3-9474-1A3956D46DE8}") = "Task4", "Task4", "{B0BCB403-D693-4BC7-A03B-D595A7894ADC}"
EndProject
Project("{9A19103F-16F7-4668-BE54-9A1E7A4F7556}") = "Tyuiu.BarbashinAV.Sprint2.Task4.V13", "Tyuiu.BarbashinAV.Sprint2.Task4.V13\Tyuiu.BarbashinAV.Sprint2.Task4.V13.csproj", "{96853EBC-F584-424B-BBD8-F5EDF7440107}"
EndProject
Project("{9A19103F-16F7-4668-BE54-9A1E7A4F7556}") = "Tyuiu.BarbashinAV.Sprint2.Task4.V13.Lib", "Tyuiu.BarbashinAV.Sprint2.Task4.V13.Lib\Tyuiu.BarbashinAV.Sprint2.Task4.V13.Lib.csproj", "{6F0F286D-8213-49EC-80F1-870C843F9085}"
EndProject
Project("{9A19103F-16F7-4668-BE54-9A1E7A4F7556}") = "Tyuiu.BarbashinAV.Sprint2.Task4.V13.Test", "Tyuiu.BarbashinAV.Sprint2.Task4.V13.Test\Tyuiu.BarbashinAV.Sprint2.Task4.V13.Test.csproj", "{9A5A9C35-73BA-4DD7-87FC-08DEA714D0E2}"
EndProject
Project("{2150E333-8FDC-42A3-9474-1A3956D46DE8}") = "Task5", "Task5", "{8A3919A3-74E5-4AD7-AEDA-8DECE69CCBA6}"
EndProject
Project("{FAE04EC0-301F-11D3-BF4B-00C04F79EFBC}") = "Tyuiu.BarbashinAV.Sprint2.Task5.V13", "Tyuiu.BarbashinAV.Sprint2.Task5.V13\Tyuiu.BarbashinAV.Sprint2.Task5.V13.csproj", "{782CCCC7-664A-47A5-AF5E-E8A26B7603B5}"
EndProject
Project("{FAE04EC0-301F-11D3-BF4B-00C04F79EFBC}") = "Tyuiu.BarbashinAV.Sprint2.Task5.V13.Lib", "Tyuiu.BarbashinAV.Sprint2.Task5.V13.Lib\Tyuiu.BarbashinAV.Sprint2.Task5.V13.Lib.csproj", "{149D285B-5AC2-4212-B62E-D0E5F52CA644}"
EndProject
Project("{FAE04EC0-301F-11D3-BF4B-00C04F79EFBC}") = "Tyuiu.BarbashinAV.Sprint2.Task5.V13.Test", "Tyuiu.BarbashinAV.Sprint2.Task5.V13.Test\Tyuiu.BarbashinAV.Sprint2.Task5.V13.Test.csproj", "{F6E10AEA-43B8-4F77-8330-5471FBC48E7B}"
EndProject
Project("{2150E333-8FDC-42A3-9474-1A3956D46DE8}") = "Task6", "Task6", "{F1241618-3F8D-4CC1-90B6-7ABA44836291}"
EndProject
Project("{FAE04EC0-301F-11D3-BF4B-00C04F79EFBC}") = "Tyuiu.BarbashinAV.Sprint2.Task6.V11", "Tyuiu.BarbashinAV.Sprint2.Task6.V11\Tyuiu.BarbashinAV.Sprint2.Task6.V11.csproj", "{1301877C-98F0-4156-A013-C98082C23CCE}"
EndProject
Project("{FAE04EC0-301F-11D3-BF4B-00C04F79EFBC}") = "Tyuiu.BarbashinAV.Sprint2.Task6.V11.Lib", "Tyuiu.BarbashinAV.Sprint2.Task6.V11.Lib\Tyuiu.BarbashinAV.Sprint2.Task6.V11.Lib.csproj", "{6F7E1120-0459-4DB4-B8B1-8E0894C7A811}"
EndProject
Project("{FAE04EC0-301F-11D3-BF4B-00C04F79EFBC}") = "Tyuiu.BarbashinAV.Sprint2.Task6.V11.Test", "Tyuiu.BarbashinAV.Sprint2.Task6.V11.Test\Tyuiu.BarbashinAV.Sprint2.Task6.V11.Test.csproj", "{57ACE6CA-EC59-4335-B2BD-0A0F006DCF69}"
EndProject
Project("{2150E333-8FDC-42A3-9474-1A3956D46DE8}") = "Task7", "Task7", "{8A227ED6-E477-4B0B-A91D-32C3ACF00E91}"
EndProject
Project("{FAE04EC0-301F-11D3-BF4B-00C04F79EFBC}") = "Tyuiu.BarbashinAV.Sprint2.Task7.V6", "Tyuiu.BarbashinAV.Sprint2.Task7.V6\Tyuiu.BarbashinAV.Sprint2.Task7.V6.csproj", "{5A51A342-87E1-49A2-BE14-E4FE22499E5E}"
EndProject
Project("{FAE04EC0-301F-11D3-BF4B-00C04F79EFBC}") = "Tyuiu.BarbashinAV.Sprint2.Task7.V6.Lib", "Tyuiu.BarbashinAV.Sprint2.Task7.V6.Lib\Tyuiu.BarbashinAV.Sprint2.Task7.V6.Lib.csproj", "{0E23FF9D-C49F-4100-A342-9E11BEECF15C}"
EndProject
Project("{FAE04EC0-301F-11D3-BF4B-00C04F79EFBC}") = "Tyuiu.BarbashinAV.Sprint2.Task7.V6.Test", "Tyuiu.BarbashinAV.Sprint2.Task7.V6.Test\Tyuiu.BarbashinAV.Sprint2.Task7.V6.Test.csproj", "{D6DCC82B-57B7-4364-B345-9A9F6FD237A2}"
EndProject
Global
	GlobalSection(SolutionConfigurationPlatforms) = preSolution
		Debug|Any CPU = Debug|Any CPU
		Release|Any CPU = Release|Any CPU
	EndGlobalSection
	GlobalSection(ProjectConfigurationPlatforms) = postSolution
		{34B613E5-92C6-4C3A-941E-1B547CA1AC3F}.Debug|Any CPU.ActiveCfg = Debug|Any CPU
		{34B613E5-92C6-4C3A-941E-1B547CA1AC3F}.Debug|Any CPU.Build.0 = Debug|Any CPU
		{34B613E5-92C6-4C3A-941E-1B547CA1AC3F}.Release|Any CPU.ActiveCfg = Release|Any CPU
		{34B613E5-92C6-4C3A-941E-1B547CA1AC3F}.Release|Any CPU.Build.0 = Release|Any CPU
		{0AC2226D-ADD3-4D09-A583-A9002F5A0D93}.Debug|Any CPU.ActiveCfg = Debug|Any CPU
		{0AC2226D-ADD3-4D09-A583-A9002F5A0D93}.Debug|Any CPU.Build.0 = Debug|Any CPU
		{0AC2226D-ADD3-4D09-A583-A9002F5A0D93}.Release|Any CPU.ActiveCfg = Release|Any CPU
		{0AC2226D-ADD3-4D09-A583-A9002F5A0D93}.Release|Any CPU.Build.0 = Release|Any CPU
		{B7CF4DD0-3AE4-4AF2-8271-67E540C184FC}.Debug|Any CPU.ActiveCfg = Debug|Any CPU
		{B7CF4DD0-3AE4-4AF2-8271-67E540C184FC}.Debug|Any CPU.Build.0 = Debug|Any CPU
		{B7CF4DD0-3AE4-4AF2-8271-67E540C184FC}.Release|Any CPU.ActiveCfg = Release|Any CPU
		{B7CF4DD0-3AE4-4AF2-8271-67E540C184FC}.Release|Any CPU.Build.0 = Release|Any CPU
		{C4E88B89-37B8-48C2-B500-5F89F83AC71E}.Debug|Any CPU.ActiveCfg = Debug|Any CPU
		{C4E88B89-37B8-48C2-B500-5F89F83AC71E}.Debug|Any CPU.Build.0 = Debug|Any CPU
		{C4E88B89-37B8-48C2-B500-5F89F83AC71E}.Release|Any CPU.ActiveCfg = Release|Any CPU
		{C4E88B89-37B8-48C2-B500-5F89F83AC71E}.Release|Any CPU.Build.0 = Release|Any CPU
		{C00AAE50-0111-47CC-A52F-283130F62D07}.Debug|Any CPU.ActiveCfg = Debug|Any CPU
		{C00AAE50-0111-47CC-A52F-283130F62D07}.Debug|Any CPU.Build.0 = Debug|Any CPU
		{C00AAE50-0111-47CC-A52F-283130F62D07}.Release|Any CPU.ActiveCfg = Release|Any CPU
		{C00AAE50-0111-47CC-A52F-283130F62D07}.Release|Any CPU.Build.0 = Release|Any CPU
		{C15670A5-BF85-447A-B7EF-624A0EF79CAF}.Debug|Any CPU.ActiveCfg = Debug|Any CPU
		{C15670A5-BF85-447A-B7EF-624A0EF79CAF}.Debug|Any CPU.Build.0 = Debug|Any CPU
		{C15670A5-BF85-447A-B7EF-624A0EF79CAF}.Release|Any CPU.ActiveCfg = Release|Any CPU
		{C15670A5-BF85-447A-B7EF-624A0EF79CAF}.Release|Any CPU.Build.0 = Release|Any CPU
		{E99012CE-DE88-4B8B-8F2E-590A1F730CAD}.Debug|Any CPU.ActiveCfg = Debug|Any CPU
		{E99012CE-DE88-4B8B-8F2E-590A1F730CAD}.Debug|Any CPU.Build.0 = Debug|Any CPU
		{E99012CE-DE88-4B8B-8F2E-590A1F730CAD}.Release|Any CPU.ActiveCfg = Release|Any CPU
		{E99012CE-DE88-4B8B-8F2E-590A1F730CAD}.Release|Any CPU.Build.0 = Release|Any CPU
		{28991CDD-5C64-48AB-BD73-B3C2B834A398}.Debug|Any CPU.ActiveCfg = Debug|Any CPU
		{28991CDD-5C64-48AB-BD73-B3C2B834A398}.Debug|Any CPU.Build.0 = Debug|Any CPU
		{28991CDD-5C64-48AB-BD73-B3C2B834A398}.Release|Any CPU.ActiveCfg = Release|Any CPU
		{28991CDD-5C64-48AB-BD73-B3C2B834A398}.Release|Any CPU.Build.0 = Release|Any CPU
		{BEB8810E-8B70-44CF-A478-CF9E8EBE8DA7}.Debug|Any CPU.ActiveCfg = Debug|Any CPU
		{BEB8810E-8B70-44CF-A478-CF9E8EBE8DA7}.Debug|Any CPU.Build.0 = Debug|Any CPU
		{BEB8810E-8B70-44CF-A478-CF9E8EBE8DA7}.Release|Any CPU.ActiveCfg = Release|Any CPU
		{BEB8810E-8B70-44CF-A478-CF9E8EBE8DA7}.Release|Any CPU.Build.0 = Release|Any CPU
		{C20ACFDF-91B6-427E-8C60-E4D32B487551}.Debug|Any CPU.ActiveCfg = Debug|Any CPU
		{C20ACFDF-91B6-427E-8C60-E4D32B487551}.Debug|Any CPU.Build.0 = Debug|Any CPU
		{C20ACFDF-91B6-427E-8C60-E4D32B487551}.Release|Any CPU.ActiveCfg = Release|Any CPU
		{C20ACFDF-91B6-427E-8C60-E4D32B487551}.Release|Any CPU.Build.0 = Release|Any CPU
		{23E95204-AB13-4430-81A7-DF95765AFA70}.Debug|Any CPU.ActiveCfg = Debug|Any CPU
		{23E95204-AB13-4430-81A7-DF95765AFA70}.Debug|Any CPU.Build.0 = Debug|Any CPU
		{23E95204-AB13-4430-81A7-DF95765AFA70}.Release|Any CPU.ActiveCfg = Release|Any CPU
		{23E95204-AB13-4430-81A7-DF95765AFA70}.Release|Any CPU.Build.0 = Release|Any CPU
		{6DC46102-533D-4CFF-858E-F6C3187D94EF}.Debug|Any CPU.ActiveCfg = Debug|Any CPU
		{6DC46102-533D-4CFF-858E-F6C3187D94EF}.Debug|Any CPU.Build.0 = Debug|Any CPU
		{6DC46102-533D-4CFF-858E-F6C3187D94EF}.Release|Any CPU.ActiveCfg = Release|Any CPU
		{6DC46102-533D-4CFF-858E-F6C3187D94EF}.Release|Any CPU.Build.0 = Release|Any CPU
		{96853EBC-F584-424B-BBD8-F5EDF7440107}.Debug|Any CPU.ActiveCfg = Debug|Any CPU
		{96853EBC-F584-424B-BBD8-F5EDF7440107}.Debug|Any CPU.Build.0 = Debug|Any CPU
		{96853EBC-F584-424B-BBD8-F5EDF7440107}.Release|Any CPU.ActiveCfg = Release|Any CPU
		{96853EBC-F584-424B-BBD8-F5EDF7440107}.Release|Any CPU.Build.0 = Release|Any CPU
		{6F0F286D-8213-49EC-80F1-870C843F9085}.Debug|Any CPU.ActiveCfg = Debug|Any CPU
		{6F0F286D-8213-49EC-80F1-870C843F9085}.Debug|Any CPU.Build.0 = Debug|Any CPU
		{6F0F286D-8213-49EC-80F1-870C843F9085}.Release|Any CPU.ActiveCfg = Release|Any CPU
		{6F0F286D-8213-49EC-80F1-870C843F9085}.Release|Any CPU.Build.0 = Release|Any CPU
		{9A5A9C35-73BA-4DD7-87FC-08DEA714D0E2}.Debug|Any CPU.ActiveCfg = Debug|Any CPU
		{9A5A9C35-73BA-4DD7-87FC-08DEA714D0E2}.Debug|Any CPU.Build.0 = Debug|Any CPU
		{9A5A9C35-73BA-4DD7-87FC-08DEA714D0E2}.Release|Any CPU.ActiveCfg = Release|Any CPU
		{9A5A9C35-73BA-4DD7-87FC-08DEA714D0E2}.Release|Any CPU.Build.0 = Release|Any CPU
		{782CCCC7-664A-47A5-AF5E-E8A26B7603B5}.Debug|Any CPU.ActiveCfg = Debug|Any CPU
		{782CCCC7-664A-47A5-AF5E-E8A26B7603B5}.Debug|Any CPU.Build.0 = Debug|Any CPU
		{782CCCC7-664A-47A5-AF5E-E8A26B7603B5}.Release|Any CPU.ActiveCfg = Release|Any CPU
		{782CCCC7-664A-47A5-AF5E-E8A26B7603B5}.Release|Any CPU.Build.0 = Release|Any CPU
		{149D285B-5AC2-4212-B62E-D0E5F52CA644}.Debug|Any CPU.ActiveCfg = Debug|Any CPU
		{149D285B-5AC2-4212-B62E-D0E5F52CA644}.Debug|Any CPU.Build.0 = Debug|Any CPU
		{149D285B-5AC2-4212-B62E-D0E5F52CA644}.Release|Any CPU.ActiveCfg = Release|Any CPU
		{149D285B-5AC2-4212-B62E-D0E5F52CA644}.Release|Any CPU.Build.0 = Release|Any CPU
		{F6E10AEA-43B8-4F77-8330-5471FBC48E7B}.Debug|Any CPU.ActiveCfg = Debug|Any CPU
		{F6E10AEA-43B8-4F77-8330-5471FBC48E7B}.Debug|Any CPU.Build.0 = Debug|Any CPU
		{F6E10AEA-43B8-4F77-8330-5471FBC48E7B}.Release|Any CPU.ActiveCfg = Release|Any CPU
		{F6E10AEA-43B8-4F77-8330-5471FBC48E7B}.Release|Any CPU.Build.0 = Release|Any CPU
		{1301877C-98F0-4156-A013-C98082C23CCE}.Debug|Any CPU.ActiveCfg = Debug|Any CPU
		{1301877C-98F0-4156-A013-C98082C23CCE}.Debug|Any CPU.Build.0 = Debug|Any CPU
		{1301877C-98F0-4156-A013-C98082C23CCE}.Release|Any CPU.ActiveCfg = Release|Any CPU
		{1301877C-98F0-4156-A013-C98082C23CCE}.Release|Any CPU.Build.0 = Release|Any CPU
		{6F7E1120-0459-4DB4-B8B1-8E0894C7A811}.Debug|Any CPU.ActiveCfg = Debug|Any CPU
		{6F7E1120-0459-4DB4-B8B1-8E0894C7A811}.Debug|Any CPU.Build.0 = Debug|Any CPU
		{6F7E1120-0459-4DB4-B8B1-8E0894C7A811}.Release|Any CPU.ActiveCfg = Release|Any CPU
		{6F7E1120-0459-4DB4-B8B1-8E0894C7A811}.Release|Any CPU.Build.0 = Release|Any CPU
		{57ACE6CA-EC59-4335-B2BD-0A0F006DCF69}.Debug|Any CPU.ActiveCfg = Debug|Any CPU
		{57ACE6CA-EC59-4335-B2BD-0A0F006DCF69}.Debug|Any CPU.Build.0 = Debug|Any CPU
		{57ACE6CA-EC59-4335-B2BD-0A0F006DCF69}.Release|Any CPU.ActiveCfg = Release|Any CPU
		{57ACE6CA-EC59-4335-B2BD-0A0F006DCF69}.Release|Any CPU.Build.0 = Release|Any CPU
		{5A51A342-87E1-49A2-BE14-E4FE22499E5E}.Debug|Any CPU.ActiveCfg = Debug|Any CPU
		{5A51A342-87E1-49A2-BE14-E4FE22499E5E}.Debug|Any CPU.Build.0 = Debug|Any CPU
		{5A51A342-87E1-49A2-BE14-E4FE22499E5E}.Release|Any CPU.ActiveCfg = Release|Any CPU
		{5A51A342-87E1-49A2-BE14-E4FE22499E5E}.Release|Any CPU.Build.0 = Release|Any CPU
		{0E23FF9D-C49F-4100-A342-9E11BEECF15C}.Debug|Any CPU.ActiveCfg = Debug|Any CPU
		{0E23FF9D-C49F-4100-A342-9E11BEECF15C}.Debug|Any CPU.Build.0 = Debug|Any CPU
		{0E23FF9D-C49F-4100-A342-9E11BEECF15C}.Release|Any CPU.ActiveCfg = Release|Any CPU
		{0E23FF9D-C49F-4100-A342-9E11BEECF15C}.Release|Any CPU.Build.0 = Release|Any CPU
		{D6DCC82B-57B7-4364-B345-9A9F6FD237A2}.Debug|Any CPU.ActiveCfg = Debug|Any CPU
		{D6DCC82B-57B7-4364-B345-9A9F6FD237A2}.Debug|Any CPU.Build.0 = Debug|Any CPU
		{D6DCC82B-57B7-4364-B345-9A9F6FD237A2}.Release|Any CPU.ActiveCfg = Release|Any CPU
		{D6DCC82B-57B7-4364-B345-9A9F6FD237A2}.Release|Any CPU.Build.0 = Release|Any CPU
	EndGlobalSection
	GlobalSection(SolutionProperties) = preSolution
		HideSolutionNode = FALSE
	EndGlobalSection
	GlobalSection(NestedProjects) = preSolution
		{34B613E5-92C6-4C3A-941E-1B547CA1AC3F} = {AB9BC980-0AC6-4277-9181-EAFD66F10652}
		{0AC2226D-ADD3-4D09-A583-A9002F5A0D93} = {AB9BC980-0AC6-4277-9181-EAFD66F10652}
		{B7CF4DD0-3AE4-4AF2-8271-67E540C184FC} = {AB9BC980-0AC6-4277-9181-EAFD66F10652}
		{C4E88B89-37B8-48C2-B500-5F89F83AC71E} = {0E859351-F92B-411E-941D-4A868E2CA603}
		{C00AAE50-0111-47CC-A52F-283130F62D07} = {0E859351-F92B-411E-941D-4A868E2CA603}
		{C15670A5-BF85-447A-B7EF-624A0EF79CAF} = {0E859351-F92B-411E-941D-4A868E2CA603}
		{E99012CE-DE88-4B8B-8F2E-590A1F730CAD} = {462B73C5-4863-4AA9-A023-52E8F89A3DB3}
		{28991CDD-5C64-48AB-BD73-B3C2B834A398} = {462B73C5-4863-4AA9-A023-52E8F89A3DB3}
		{BEB8810E-8B70-44CF-A478-CF9E8EBE8DA7} = {462B73C5-4863-4AA9-A023-52E8F89A3DB3}
		{C20ACFDF-91B6-427E-8C60-E4D32B487551} = {F2DA9E3F-C73A-465E-BF67-F0D7362EC370}
		{23E95204-AB13-4430-81A7-DF95765AFA70} = {F2DA9E3F-C73A-465E-BF67-F0D7362EC370}
		{6DC46102-533D-4CFF-858E-F6C3187D94EF} = {F2DA9E3F-C73A-465E-BF67-F0D7362EC370}
		{96853EBC-F584-424B-BBD8-F5EDF7440107} = {B0BCB403-D693-4BC7-A03B-D595A7894ADC}
		{6F0F286D-8213-49EC-80F1-870C843F9085} = {B0BCB403-D693-4BC7-A03B-D595A7894ADC}
		{9A5A9C35-73BA-4DD7-87FC-08DEA714D0E2} = {B0BCB403-D693-4BC7-A03B-D595A7894ADC}
		{782CCCC7-664A-47A5-AF5E-E8A26B7603B5} = {8A3919A3-74E5-4AD7-AEDA-8DECE69CCBA6}
		{149D285B-5AC2-4212-B62E-D0E5F52CA644} = {8A3919A3-74E5-4AD7-AEDA-8DECE69CCBA6}
		{F6E10AEA-43B8-4F77-8330-5471FBC48E7B} = {8A3919A3-74E5-4AD7-AEDA-8DECE69CCBA6}
		{1301877C-98F0-4156-A013-C98082C23CCE} = {F1241618-3F8D-4CC1-90B6-7ABA44836291}
		{6F7E1120-0459-4DB4-B8B1-8E0894C7A811} = {F1241618-3F8D-4CC1-90B6-7ABA44836291}
		{57ACE6CA-EC59-4335-B2BD-0A0F006DCF69} = {F1241618-3F8D-4CC1-90B6-7ABA44836291}
		{5A51A342-87E1-49A2-BE14-E4FE22499E5E} = {8A227ED6-E477-4B0B-A91D-32C3ACF00E91}
		{0E23FF9D-C49F-4100-A342-9E11BEECF15C} = {8A227ED6-E477-4B0B-A91D-32C3ACF00E91}
		{D6DCC82B-57B7-4364-B345-9A9F6FD237A2} = {8A227ED6-E477-4B0B-A91D-32C3ACF00E91}
	EndGlobalSection
	GlobalSection(ExtensibilityGlobals) = postSolution
		SolutionGuid = {E2309394-CB40-4AD7-B518-D4C6EA559AD7}
	EndGlobalSection
EndGlobal
