
Microsoft Visual Studio Solution File, Format Version 12.00
# Visual Studio Version 17
VisualStudioVersion = 17.9.34723.18
MinimumVisualStudioVersion = 10.0.40219.1
Project("{FAE04EC0-301F-11D3-BF4B-00C04F79EFBC}") = "Tyuiu.BarbashinAV.Sprint2.Task0.V16", "Tyuiu.BarbashinAV.Sprint2.Task0.V16\Tyuiu.BarbashinAV.Sprint2.Task0.V16.csproj", "{34B613E5-92C6-4C3A-941E-1B547CA1AC3F}"
EndProject
Project("{2150E333-8FDC-42A3-9474-1A3956D46DE8}") = "Task0", "Task0", "{AB9BC980-0AC6-4277-9181-EAFD66F10652}"
EndProject
Project("{FAE04EC0-301F-11D3-BF4B-00C04F79EFBC}") = "Tyuiu.BarbashinAV.Sprint2.Task0.V16.Lib", "Tyuiu.BarbashinAV.Sprint2.Task0.V16.Lib\Tyuiu.BarbashinAV.Sprint2.Task0.V16.Lib.csproj", "{0AC2226D-ADD3-4D09-A583-A9002F5A0D93}"
EndProject
Project("{FAE04EC0-301F-11D3-BF4B-00C04F79EFBC}") = "Tyuiu.BarbashinAV.Sprint2.Task0.V16.Test", "Tyuiu.BarbashinAV.Sprint2.Task0.V16.Test\Tyuiu.BarbashinAV.Sprint2.Task0.V16.Test.csproj", "{B7CF4DD0-3AE4-4AF2-8271-67E540C184FC}"
EndProject
Project("{2150E333-8FDC-42A3-9474-1A3956D46DE8}") = "Task1", "Task1", "{0E859351-F92B-411E-941D-4A868E2CA603}"
EndProject
Project("{FAE04EC0-301F-11D3-BF4B-00C04F79EFBC}") = "Tyuiu.BarbashinAV.Sprint2.Task1.V13", "Tyuiu.BarbashinAV.Sprint2.Task1.V13\Tyuiu.BarbashinAV.Sprint2.Task1.V13.csproj", "{C4E88B89-37B8-48C2-B500-5F89F83AC71E}"
EndProject
Project("{FAE04EC0-301F-11D3-BF4B-00C04F79EFBC}") = "Tyuiu.BarbashinAV.Sprint2.Task1.V13.Lib", "Tyuiu.BarbashinAV.Sprint2.Task1.V13.Lib\Tyuiu.BarbashinAV.Sprint2.Task1.V13.Lib.csproj", "{C00AAE50-0111-47CC-A52F-283130F62D07}"
EndProject
Project("{FAE04EC0-301F-11D3-BF4B-00C04F79EFBC}") = "Tyuiu.BarbashinAV.Sprint2.Task1.V13.Test", "Tyuiu.BarbashinAV.Sprint2.Task1.V13.Test\Tyuiu.BarbashinAV.Sprint2.Task1.V13.Test.csproj", "{C15670A5-BF85-447A-B7EF-624A0EF79CAF}"
EndProject
Project("{2150E333-8FDC-42A3-9474-1A3956D46DE8}") = "Task2", "Task2", "{462B73C5-4863-4AA9-A023-52E8F89A3DB3}"
EndProject
Project("{FAE04EC0-301F-11D3-BF4B-00C04F79EFBC}") = "Tyuiu.BarbashinAV.Sprint2.Task2.V10", "Tyuiu.BarbashinAV.Sprint2.Task2.V10\Tyuiu.BarbashinAV.Sprint2.Task2.V10.csproj", "{E99012CE-DE88-4B8B-8F2E-590A1F730CAD}"
EndProject
Project("{FAE04EC0-301F-11D3-BF4B-00C04F79EFBC}") = "Tyuiu.BarbashinAV.Sprint2.Task2.V10.Lib", "Tyuiu.BarbashinAV.Sprint2.Task2.V10.Lib\Tyuiu.BarbashinAV.Sprint2.Task2.V10.Lib.csproj", "{28991CDD-5C64-48AB-BD73-B3C2B834A398}"
EndProject
Project("{FAE04EC0-301F-11D3-BF4B-00C04F79EFBC}") = "Tyuiu.BarbashinAV.Sprint2.Task2.V10.Test", "Tyuiu.BarbashinAV.Sprint2.Task2.V10.Test\Tyuiu.BarbashinAV.Sprint2.Task2.V10.Test.csproj", "{BEB8810E-8B70-44CF-A478-CF9E8EBE8DA7}"
EndProject
Global
	GlobalSection(SolutionConfigurationPlatforms) = preSolution
		Debug|Any CPU = Debug|Any CPU
		Release|Any CPU = Release|Any CPU
	EndGlobalSection
	GlobalSection(ProjectConfigurationPlatforms) = postSolution
		{34B613E5-92C6-4C3A-941E-1B547CA1AC3F}.Debug|Any CPU.ActiveCfg = Debug|Any CPU
		{34B613E5-92C6-4C3A-941E-1B547CA1AC3F}.Debug|Any CPU.Build.0 = Debug|Any CPU
		{34B613E5-92C6-4C3A-941E-1B547CA1AC3F}.Release|Any CPU.ActiveCfg = Release|Any CPU
		{34B613E5-92C6-4C3A-941E-1B547CA1AC3F}.Release|Any CPU.Build.0 = Release|Any CPU
		{0AC2226D-ADD3-4D09-A583-A9002F5A0D93}.Debug|Any CPU.ActiveCfg = Debug|Any CPU
		{0AC2226D-ADD3-4D09-A583-A9002F5A0D93}.Debug|Any CPU.Build.0 = Debug|Any CPU
		{0AC2226D-ADD3-4D09-A583-A9002F5A0D93}.Release|Any CPU.ActiveCfg = Release|Any CPU
		{0AC2226D-ADD3-4D09-A583-A9002F5A0D93}.Release|Any CPU.Build.0 = Release|Any CPU
		{B7CF4DD0-3AE4-4AF2-8271-67E540C184FC}.Debug|Any CPU.ActiveCfg = Debug|Any CPU
		{B7CF4DD0-3AE4-4AF2-8271-67E540C184FC}.Debug|Any CPU.Build.0 = Debug|Any CPU
		{B7CF4DD0-3AE4-4AF2-8271-67E540C184FC}.Release|Any CPU.ActiveCfg = Release|Any CPU
		{B7CF4DD0-3AE4-4AF2-8271-67E540C184FC}.Release|Any CPU.Build.0 = Release|Any CPU
		{C4E88B89-37B8-48C2-B500-5F89F83AC71E}.Debug|Any CPU.ActiveCfg = Debug|Any CPU
		{C4E88B89-37B8-48C2-B500-5F89F83AC71E}.Debug|Any CPU.Build.0 = Debug|Any CPU
		{C4E88B89-37B8-48C2-B500-5F89F83AC71E}.Release|Any CPU.ActiveCfg = Release|Any CPU
		{C4E88B89-37B8-48C2-B500-5F89F83AC71E}.Release|Any CPU.Build.0 = Release|Any CPU
		{C00AAE50-0111-47CC-A52F-283130F62D07}.Debug|Any CPU.ActiveCfg = Debug|Any CPU
		{C00AAE50-0111-47CC-A52F-283130F62D07}.Debug|Any CPU.Build.0 = Debug|Any CPU
		{C00AAE50-0111-47CC-A52F-283130F62D07}.Release|Any CPU.ActiveCfg = Release|Any CPU
		{C00AAE50-0111-47CC-A52F-283130F62D07}.Release|Any CPU.Build.0 = Release|Any CPU
		{C15670A5-BF85-447A-B7EF-624A0EF79CAF}.Debug|Any CPU.ActiveCfg = Debug|Any CPU
		{C15670A5-BF85-447A-B7EF-624A0EF79CAF}.Debug|Any CPU.Build.0 = Debug|Any CPU
		{C15670A5-BF85-447A-B7EF-624A0EF79CAF}.Release|Any CPU.ActiveCfg = Release|Any CPU
		{C15670A5-BF85-447A-B7EF-624A0EF79CAF}.Release|Any CPU.Build.0 = Release|Any CPU
		{E99012CE-DE88-4B8B-8F2E-590A1F730CAD}.Debug|Any CPU.ActiveCfg = Debug|Any CPU
		{E99012CE-DE88-4B8B-8F2E-590A1F730CAD}.Debug|Any CPU.Build.0 = Debug|Any CPU
		{E99012CE-DE88-4B8B-8F2E-590A1F730CAD}.Release|Any CPU.ActiveCfg = Release|Any CPU
		{E99012CE-DE88-4B8B-8F2E-590A1F730CAD}.Release|Any CPU.Build.0 = Release|Any CPU
		{28991CDD-5C64-48AB-BD73-B3C2B834A398}.Debug|Any CPU.ActiveCfg = Debug|Any CPU
		{28991CDD-5C64-48AB-BD73-B3C2B834A398}.Debug|Any CPU.Build.0 = Debug|Any CPU
		{28991CDD-5C64-48AB-BD73-B3C2B834A398}.Release|Any CPU.ActiveCfg = Release|Any CPU
		{28991CDD-5C64-48AB-BD73-B3C2B834A398}.Release|Any CPU.Build.0 = Release|Any CPU
		{BEB8810E-8B70-44CF-A478-CF9E8EBE8DA7}.Debug|Any CPU.ActiveCfg = Debug|Any CPU
		{BEB8810E-8B70-44CF-A478-CF9E8EBE8DA7}.Debug|Any CPU.Build.0 = Debug|Any CPU
		{BEB8810E-8B70-44CF-A478-CF9E8EBE8DA7}.Release|Any CPU.ActiveCfg = Release|Any CPU
		{BEB8810E-8B70-44CF-A478-CF9E8EBE8DA7}.Release|Any CPU.Build.0 = Release|Any CPU
	EndGlobalSection
	GlobalSection(SolutionProperties) = preSolution
		HideSolutionNode = FALSE
	EndGlobalSection
	GlobalSection(NestedProjects) = preSolution
		{34B613E5-92C6-4C3A-941E-1B547CA1AC3F} = {AB9BC980-0AC6-4277-9181-EAFD66F10652}
		{0AC2226D-ADD3-4D09-A583-A9002F5A0D93} = {AB9BC980-0AC6-4277-9181-EAFD66F10652}
		{B7CF4DD0-3AE4-4AF2-8271-67E540C184FC} = {AB9BC980-0AC6-4277-9181-EAFD66F10652}
		{C4E88B89-37B8-48C2-B500-5F89F83AC71E} = {0E859351-F92B-411E-941D-4A868E2CA603}
		{C00AAE50-0111-47CC-A52F-283130F62D07} = {0E859351-F92B-411E-941D-4A868E2CA603}
		{C15670A5-BF85-447A-B7EF-624A0EF79CAF} = {0E859351-F92B-411E-941D-4A868E2CA603}
		{E99012CE-DE88-4B8B-8F2E-590A1F730CAD} = {462B73C5-4863-4AA9-A023-52E8F89A3DB3}
		{28991CDD-5C64-48AB-BD73-B3C2B834A398} = {462B73C5-4863-4AA9-A023-52E8F89A3DB3}
		{BEB8810E-8B70-44CF-A478-CF9E8EBE8DA7} = {462B73C5-4863-4AA9-A023-52E8F89A3DB3}
	EndGlobalSection
	GlobalSection(ExtensibilityGlobals) = postSolution
		SolutionGuid = {E2309394-CB40-4AD7-B518-D4C6EA559AD7}
	EndGlobalSection
EndGlobal
